
Microsoft Visual Studio Solution File, Format Version 12.00
# Visual Studio 15
VisualStudioVersion = 15.0.28307.421
MinimumVisualStudioVersion = 10.0.40219.1
Project("{FAE04EC0-301F-11D3-BF4B-00C04F79EFBC}") = "PipelineProject", "PipelineProject\PipelineProject.csproj", "{DCA69D49-3F7C-476F-89BF-FC91B9039FDE}"
EndProject
Project("{FAE04EC0-301F-11D3-BF4B-00C04F79EFBC}") = "PipelineProject.Tests", "PipelineProject.Tests\PipelineProject.Tests.csproj", "{9C39ECB9-F154-447B-8523-74F218EFD3EC}"
EndProject
Global
	GlobalSection(SolutionConfigurationPlatforms) = preSolution
		Debug|Any CPU = Debug|Any CPU
		Release|Any CPU = Release|Any CPU
	EndGlobalSection
	GlobalSection(ProjectConfigurationPlatforms) = postSolution
		{DCA69D49-3F7C-476F-89BF-FC91B9039FDE}.Debug|Any CPU.ActiveCfg = Debug|Any CPU
		{DCA69D49-3F7C-476F-89BF-FC91B9039FDE}.Debug|Any CPU.Build.0 = Debug|Any CPU
		{DCA69D49-3F7C-476F-89BF-FC91B9039FDE}.Release|Any CPU.ActiveCfg = Release|Any CPU
		{DCA69D49-3F7C-476F-89BF-FC91B9039FDE}.Release|Any CPU.Build.0 = Release|Any CPU
		{9C39ECB9-F154-447B-8523-74F218EFD3EC}.Debug|Any CPU.ActiveCfg = Debug|Any CPU
		{9C39ECB9-F154-447B-8523-74F218EFD3EC}.Debug|Any CPU.Build.0 = Debug|Any CPU
		{9C39ECB9-F154-447B-8523-74F218EFD3EC}.Release|Any CPU.ActiveCfg = Release|Any CPU
		{9C39ECB9-F154-447B-8523-74F218EFD3EC}.Release|Any CPU.Build.0 = Release|Any CPU
	EndGlobalSection
	GlobalSection(SolutionProperties) = preSolution
		HideSolutionNode = FALSE
	EndGlobalSection
	GlobalSection(ExtensibilityGlobals) = postSolution
		SolutionGuid = {4E2D7955-7DE2-4198-97CC-DE8CCA578CF9}
	EndGlobalSection
EndGlobal
